
Microsoft Visual Studio Solution File, Format Version 12.00
# Visual Studio Version 16
VisualStudioVersion = 16.0.809.6
MinimumVisualStudioVersion = 10.0.40219.1
Project("{FAE04EC0-301F-11D3-BF4B-00C04F79EFBC}") = "StripeBookStore.API", "StripeBookStore.API.csproj", "{8581E6B5-8942-4028-9EFC-F4C8C0D355ED}"
EndProject
Global
	GlobalSection(SolutionConfigurationPlatforms) = preSolution
		Debug|Any CPU = Debug|Any CPU
		Release|Any CPU = Release|Any CPU
	EndGlobalSection
	GlobalSection(ProjectConfigurationPlatforms) = postSolution
		{8581E6B5-8942-4028-9EFC-F4C8C0D355ED}.Debug|Any CPU.ActiveCfg = Debug|Any CPU
		{8581E6B5-8942-4028-9EFC-F4C8C0D355ED}.Debug|Any CPU.Build.0 = Debug|Any CPU
		{8581E6B5-8942-4028-9EFC-F4C8C0D355ED}.Release|Any CPU.ActiveCfg = Release|Any CPU
		{8581E6B5-8942-4028-9EFC-F4C8C0D355ED}.Release|Any CPU.Build.0 = Release|Any CPU
	EndGlobalSection
	GlobalSection(SolutionProperties) = preSolution
		HideSolutionNode = FALSE
	EndGlobalSection
	GlobalSection(ExtensibilityGlobals) = postSolution
		SolutionGuid = {2E9294EE-DB63-4ACE-AA81-6AA3A5E7CFCE}
	EndGlobalSection
EndGlobal
